<?xml version="1.0" encoding="utf-8"?>
<Project ToolsVersion="4.0" xmlns="http://schemas.microsoft.com/developer/msbuild/2003">
  <ItemGroup>
    <Filter Include="Source Files">
      <UniqueIdentifier>{4FC737F1-C7A5-4376-A066-2A32D752A2FF}</UniqueIdentifier>
      <Extensions>cpp;c;cc;cxx;def;odl;idl;hpj;bat;asm;asmx</Extensions>
    </Filter>
    <Filter Include="Header Files">
      <UniqueIdentifier>{93995380-89BD-4b04-88EB-625FBE52EBFB}</UniqueIdentifier>
      <Extensions>h;hpp;hxx;hm;inl;inc;xsd</Extensions>
    </Filter>
    <Filter Include="Source Files\krl_stl">
      <UniqueIdentifier>{255bb751-fb34-4ab2-a4ae-dc4c35b01c06}</UniqueIdentifier>
    </Filter>
    <Filter Include="Source Files\utils">
      <UniqueIdentifier>{edcbbf63-aede-4e28-aaa8-00c0387a71b9}</UniqueIdentifier>
    </Filter>
  </ItemGroup>
  <ItemGroup>
    <ClCompile Include="drv_main.cpp">
      <Filter>Source Files</Filter>
    </ClCompile>
    <ClCompile Include="base.cpp">
      <Filter>Source Files\krl_stl</Filter>
    </ClCompile>
    <ClCompile Include="process.cpp">
      <Filter>Source Files</Filter>
    </ClCompile>
    <ClCompile Include="R3.cpp">
      <Filter>Source Files</Filter>
    </ClCompile>
    <ClCompile Include="hide_process.cpp">
      <Filter>Source Files</Filter>
    </ClCompile>
    <ClCompile Include="module.cpp">
      <Filter>Source Files</Filter>
    </ClCompile>
    <ClCompile Include="_utils.cpp">
      <Filter>Source Files</Filter>
    </ClCompile>
    <ClCompile Include="utils\hde64.cpp">
      <Filter>Source Files\utils</Filter>
    </ClCompile>
    <ClCompile Include="log.cpp">
      <Filter>Source Files\utils</Filter>
    </ClCompile>
    <ClCompile Include="utils\utils.cpp">
      <Filter>Source Files\utils</Filter>
    </ClCompile>
    <ClCompile Include="windows.cpp">
      <Filter>Source Files</Filter>
    </ClCompile>
    <ClCompile Include="inject.cpp">
      <Filter>Source Files</Filter>
    </ClCompile>
  </ItemGroup>
  <ItemGroup>
    <ClInclude Include="log.hpp">
      <Filter>Header Files</Filter>
    </ClInclude>
    <ClInclude Include="base.hpp">
      <Filter>Header Files</Filter>
    </ClInclude>
    <ClInclude Include="string.h">
      <Filter>Source Files\krl_stl</Filter>
    </ClInclude>
    <ClInclude Include="wstring.h">
      <Filter>Source Files\krl_stl</Filter>
    </ClInclude>
    <ClInclude Include="allocator.h">
      <Filter>Source Files\krl_stl</Filter>
    </ClInclude>
    <ClInclude Include="vector.h">
      <Filter>Source Files\krl_stl</Filter>
    </ClInclude>
    <ClInclude Include="process.hpp">
      <Filter>Header Files</Filter>
    </ClInclude>
    <ClInclude Include="hide_process.h">
      <Filter>Header Files</Filter>
    </ClInclude>
    <ClInclude Include="module.hpp">
      <Filter>Header Files</Filter>
    </ClInclude>
    <ClInclude Include="_utils.hpp">
      <Filter>Header Files</Filter>
    </ClInclude>
    <ClInclude Include="undoc_func.hpp">
      <Filter>Header Files</Filter>
    </ClInclude>
    <ClInclude Include="utils\hde64.h">
      <Filter>Source Files\utils</Filter>
    </ClInclude>
    <ClInclude Include="utils\headers.hpp">
      <Filter>Source Files\utils</Filter>
    </ClInclude>
    <ClInclude Include="utils\pstdint.h">
      <Filter>Source Files\utils</Filter>
    </ClInclude>
    <ClInclude Include="utils\table64.h">
      <Filter>Source Files\utils</Filter>
    </ClInclude>
    <ClInclude Include="utils\utils.h">
      <Filter>Source Files\utils</Filter>
    </ClInclude>
    <ClInclude Include="windows.hpp">
      <Filter>Header Files</Filter>
    </ClInclude>
    <ClInclude Include="inject.hpp">
      <Filter>Header Files</Filter>
    </ClInclude>
  </ItemGroup>
</Project>